
Microsoft Visual Studio Solution File, Format Version 12.00
# Visual Studio 15
VisualStudioVersion = 15.0.27703.1
MinimumVisualStudioVersion = 10.0.40219.1
Project("{00D1A9C2-B5F0-4AF3-8072-F6C62B433612}") = "Microservices.Database", "Microservices.Database\Microservices.Database.sqlproj", "{BC0B42CF-6602-449F-BF17-A009942A97E2}"
EndProject
Global
	GlobalSection(SolutionConfigurationPlatforms) = preSolution
		Debug|Any CPU = Debug|Any CPU
		Release|Any CPU = Release|Any CPU
	EndGlobalSection
	GlobalSection(ProjectConfigurationPlatforms) = postSolution
		{BC0B42CF-6602-449F-BF17-A009942A97E2}.Debug|Any CPU.ActiveCfg = Debug|Any CPU
		{BC0B42CF-6602-449F-BF17-A009942A97E2}.Debug|Any CPU.Build.0 = Debug|Any CPU
		{BC0B42CF-6602-449F-BF17-A009942A97E2}.Debug|Any CPU.Deploy.0 = Debug|Any CPU
		{BC0B42CF-6602-449F-BF17-A009942A97E2}.Release|Any CPU.ActiveCfg = Release|Any CPU
		{BC0B42CF-6602-449F-BF17-A009942A97E2}.Release|Any CPU.Build.0 = Release|Any CPU
		{BC0B42CF-6602-449F-BF17-A009942A97E2}.Release|Any CPU.Deploy.0 = Release|Any CPU
	EndGlobalSection
	GlobalSection(SolutionProperties) = preSolution
		HideSolutionNode = FALSE
	EndGlobalSection
	GlobalSection(ExtensibilityGlobals) = postSolution
		SolutionGuid = {6E102CCA-07F5-451C-943C-85C011FF0B55}
	EndGlobalSection
EndGlobal
